// !$*UTF8*$!
{
	archiveVersion = 1;
	classes = {
	};
	objectVersion = 50;
	objects = {

/* Begin PBXBuildFile section */
		C1718BB225045750003A1AF3 /* AppDelegate.swift in Sources */ = {isa = PBXBuildFile; fileRef = C1718BB125045750003A1AF3 /* AppDelegate.swift */; };
		C1718BB425045750003A1AF3 /* SceneDelegate.swift in Sources */ = {isa = PBXBuildFile; fileRef = C1718BB325045750003A1AF3 /* SceneDelegate.swift */; };
		C1718BB625045750003A1AF3 /* LaunchViewController.swift in Sources */ = {isa = PBXBuildFile; fileRef = C1718BB525045750003A1AF3 /* LaunchViewController.swift */; };
		C1718BB925045750003A1AF3 /* Authentication.storyboard in Resources */ = {isa = PBXBuildFile; fileRef = C1718BB725045750003A1AF3 /* Authentication.storyboard */; };
		C1718BBB25045754003A1AF3 /* Assets.xcassets in Resources */ = {isa = PBXBuildFile; fileRef = C1718BBA25045754003A1AF3 /* Assets.xcassets */; };
		C1718BBE25045754003A1AF3 /* LaunchScreen.storyboard in Resources */ = {isa = PBXBuildFile; fileRef = C1718BBC25045754003A1AF3 /* LaunchScreen.storyboard */; };
		C1718BCB25046826003A1AF3 /* AuthenticationViewController.swift in Sources */ = {isa = PBXBuildFile; fileRef = C1718BCA25046826003A1AF3 /* AuthenticationViewController.swift */; };
		C1718BCD2504684B003A1AF3 /* Main.storyboard in Resources */ = {isa = PBXBuildFile; fileRef = C1718BCC2504684B003A1AF3 /* Main.storyboard */; };
		C1718BCF2504697F003A1AF3 /* StoryboardIdentifiable.swift in Sources */ = {isa = PBXBuildFile; fileRef = C1718BCE2504697F003A1AF3 /* StoryboardIdentifiable.swift */; };
		C1718BD2250469B5003A1AF3 /* StringExtensions.swift in Sources */ = {isa = PBXBuildFile; fileRef = C1718BD1250469B5003A1AF3 /* StringExtensions.swift */; };
		C1718BD42506DE83003A1AF3 /* LoginViewController.swift in Sources */ = {isa = PBXBuildFile; fileRef = C1718BD32506DE83003A1AF3 /* LoginViewController.swift */; };
		C1718BD62506DEF9003A1AF3 /* Utilities.swift in Sources */ = {isa = PBXBuildFile; fileRef = C1718BD52506DEF9003A1AF3 /* Utilities.swift */; };
		C1718BD82506E046003A1AF3 /* LibraryViewController.swift in Sources */ = {isa = PBXBuildFile; fileRef = C1718BD72506E046003A1AF3 /* LibraryViewController.swift */; };
		C1718BDD25083E4F003A1AF3 /* Product.swift in Sources */ = {isa = PBXBuildFile; fileRef = C1718BDC25083E4F003A1AF3 /* Product.swift */; };
		C1718BDF25083E5D003A1AF3 /* Content.swift in Sources */ = {isa = PBXBuildFile; fileRef = C1718BDE25083E5D003A1AF3 /* Content.swift */; };
		C1718BE125083F9D003A1AF3 /* NetworkManager.swift in Sources */ = {isa = PBXBuildFile; fileRef = C1718BE025083F9D003A1AF3 /* NetworkManager.swift */; };
/* End PBXBuildFile section */

/* Begin PBXFileReference section */
		C1718BAE25045750003A1AF3 /* Gumroad 2.0.app */ = {isa = PBXFileReference; explicitFileType = wrapper.application; includeInIndex = 0; path = "Gumroad 2.0.app"; sourceTree = BUILT_PRODUCTS_DIR; };
		C1718BB125045750003A1AF3 /* AppDelegate.swift */ = {isa = PBXFileReference; lastKnownFileType = sourcecode.swift; path = AppDelegate.swift; sourceTree = "<group>"; };
		C1718BB325045750003A1AF3 /* SceneDelegate.swift */ = {isa = PBXFileReference; lastKnownFileType = sourcecode.swift; path = SceneDelegate.swift; sourceTree = "<group>"; };
		C1718BB525045750003A1AF3 /* LaunchViewController.swift */ = {isa = PBXFileReference; lastKnownFileType = sourcecode.swift; path = LaunchViewController.swift; sourceTree = "<group>"; };
		C1718BB825045750003A1AF3 /* Base */ = {isa = PBXFileReference; lastKnownFileType = file.storyboard; name = Base; path = Base.lproj/Authentication.storyboard; sourceTree = "<group>"; };
		C1718BBA25045754003A1AF3 /* Assets.xcassets */ = {isa = PBXFileReference; lastKnownFileType = folder.assetcatalog; path = Assets.xcassets; sourceTree = "<group>"; };
		C1718BBD25045754003A1AF3 /* Base */ = {isa = PBXFileReference; lastKnownFileType = file.storyboard; name = Base; path = Base.lproj/LaunchScreen.storyboard; sourceTree = "<group>"; };
		C1718BBF25045754003A1AF3 /* Info.plist */ = {isa = PBXFileReference; lastKnownFileType = text.plist.xml; path = Info.plist; sourceTree = "<group>"; };
		C1718BCA25046826003A1AF3 /* AuthenticationViewController.swift */ = {isa = PBXFileReference; lastKnownFileType = sourcecode.swift; path = AuthenticationViewController.swift; sourceTree = "<group>"; };
		C1718BCC2504684B003A1AF3 /* Main.storyboard */ = {isa = PBXFileReference; lastKnownFileType = file.storyboard; path = Main.storyboard; sourceTree = "<group>"; };
		C1718BCE2504697F003A1AF3 /* StoryboardIdentifiable.swift */ = {isa = PBXFileReference; lastKnownFileType = sourcecode.swift; path = StoryboardIdentifiable.swift; sourceTree = "<group>"; };
		C1718BD1250469B5003A1AF3 /* StringExtensions.swift */ = {isa = PBXFileReference; lastKnownFileType = sourcecode.swift; path = StringExtensions.swift; sourceTree = "<group>"; };
		C1718BD32506DE83003A1AF3 /* LoginViewController.swift */ = {isa = PBXFileReference; lastKnownFileType = sourcecode.swift; path = LoginViewController.swift; sourceTree = "<group>"; };
		C1718BD52506DEF9003A1AF3 /* Utilities.swift */ = {isa = PBXFileReference; lastKnownFileType = sourcecode.swift; path = Utilities.swift; sourceTree = "<group>"; };
		C1718BD72506E046003A1AF3 /* LibraryViewController.swift */ = {isa = PBXFileReference; lastKnownFileType = sourcecode.swift; path = LibraryViewController.swift; sourceTree = "<group>"; };
		C1718BDC25083E4F003A1AF3 /* Product.swift */ = {isa = PBXFileReference; lastKnownFileType = sourcecode.swift; path = Product.swift; sourceTree = "<group>"; };
		C1718BDE25083E5D003A1AF3 /* Content.swift */ = {isa = PBXFileReference; lastKnownFileType = sourcecode.swift; path = Content.swift; sourceTree = "<group>"; };
		C1718BE025083F9D003A1AF3 /* NetworkManager.swift */ = {isa = PBXFileReference; lastKnownFileType = sourcecode.swift; path = NetworkManager.swift; sourceTree = "<group>"; };
/* End PBXFileReference section */

/* Begin PBXFrameworksBuildPhase section */
		C1718BAB25045750003A1AF3 /* Frameworks */ = {
			isa = PBXFrameworksBuildPhase;
			buildActionMask = 2147483647;
			files = (
			);
			runOnlyForDeploymentPostprocessing = 0;
		};
/* End PBXFrameworksBuildPhase section */

/* Begin PBXGroup section */
		C1718BA525045750003A1AF3 = {
			isa = PBXGroup;
			children = (
				C1718BB025045750003A1AF3 /* Gumroad 2.0 */,
				C1718BAF25045750003A1AF3 /* Products */,
			);
			sourceTree = "<group>";
		};
		C1718BAF25045750003A1AF3 /* Products */ = {
			isa = PBXGroup;
			children = (
				C1718BAE25045750003A1AF3 /* Gumroad 2.0.app */,
			);
			name = Products;
			sourceTree = "<group>";
		};
		C1718BB025045750003A1AF3 /* Gumroad 2.0 */ = {
			isa = PBXGroup;
			children = (
				C1718BB125045750003A1AF3 /* AppDelegate.swift */,
				C1718BB325045750003A1AF3 /* SceneDelegate.swift */,
				C1718BC9250467F1003A1AF3 /* Authentication */,
				C1718BC825045ED7003A1AF3 /* Main */,
				C1718BDB25083D2C003A1AF3 /* Models */,
				C1718BD0250469A8003A1AF3 /* Helpers */,
				C1718BBA25045754003A1AF3 /* Assets.xcassets */,
				C1718BBC25045754003A1AF3 /* LaunchScreen.storyboard */,
				C1718BBF25045754003A1AF3 /* Info.plist */,
			);
			path = "Gumroad 2.0";
			sourceTree = "<group>";
		};
		C1718BC825045ED7003A1AF3 /* Main */ = {
			isa = PBXGroup;
			children = (
				C1718BCC2504684B003A1AF3 /* Main.storyboard */,
				C1718BB525045750003A1AF3 /* LaunchViewController.swift */,
				C1718BD72506E046003A1AF3 /* LibraryViewController.swift */,
			);
			path = Main;
			sourceTree = "<group>";
		};
		C1718BC9250467F1003A1AF3 /* Authentication */ = {
			isa = PBXGroup;
			children = (
				C1718BB725045750003A1AF3 /* Authentication.storyboard */,
				C1718BCA25046826003A1AF3 /* AuthenticationViewController.swift */,
				C1718BD32506DE83003A1AF3 /* LoginViewController.swift */,
			);
			path = Authentication;
			sourceTree = "<group>";
		};
		C1718BD0250469A8003A1AF3 /* Helpers */ = {
			isa = PBXGroup;
			children = (
				C1718BD52506DEF9003A1AF3 /* Utilities.swift */,
				C1718BCE2504697F003A1AF3 /* StoryboardIdentifiable.swift */,
				C1718BD1250469B5003A1AF3 /* StringExtensions.swift */,
				C1718BE025083F9D003A1AF3 /* NetworkManager.swift */,
			);
			path = Helpers;
			sourceTree = "<group>";
		};
		C1718BDB25083D2C003A1AF3 /* Models */ = {
			isa = PBXGroup;
			children = (
				C1718BDC25083E4F003A1AF3 /* Product.swift */,
				C1718BDE25083E5D003A1AF3 /* Content.swift */,
			);
			path = Models;
			sourceTree = "<group>";
		};
/* End PBXGroup section */

/* Begin PBXNativeTarget section */
		C1718BAD25045750003A1AF3 /* Gumroad 2.0 */ = {
			isa = PBXNativeTarget;
			buildConfigurationList = C1718BC225045754003A1AF3 /* Build configuration list for PBXNativeTarget "Gumroad 2.0" */;
			buildPhases = (
				C1718BAA25045750003A1AF3 /* Sources */,
				C1718BAB25045750003A1AF3 /* Frameworks */,
				C1718BAC25045750003A1AF3 /* Resources */,
			);
			buildRules = (
			);
			dependencies = (
			);
			name = "Gumroad 2.0";
			productName = "Gumroad 2.0";
			productReference = C1718BAE25045750003A1AF3 /* Gumroad 2.0.app */;
			productType = "com.apple.product-type.application";
		};
/* End PBXNativeTarget section */

/* Begin PBXProject section */
		C1718BA625045750003A1AF3 /* Project object */ = {
			isa = PBXProject;
			attributes = {
				LastSwiftUpdateCheck = 1160;
				LastUpgradeCheck = 1160;
				TargetAttributes = {
					C1718BAD25045750003A1AF3 = {
						CreatedOnToolsVersion = 11.6;
					};
				};
			};
			buildConfigurationList = C1718BA925045750003A1AF3 /* Build configuration list for PBXProject "Gumroad 2.0" */;
			compatibilityVersion = "Xcode 9.3";
			developmentRegion = en;
			hasScannedForEncodings = 0;
			knownRegions = (
				en,
				Base,
			);
			mainGroup = C1718BA525045750003A1AF3;
			productRefGroup = C1718BAF25045750003A1AF3 /* Products */;
			projectDirPath = "";
			projectRoot = "";
			targets = (
				C1718BAD25045750003A1AF3 /* Gumroad 2.0 */,
			);
		};
/* End PBXProject section */

/* Begin PBXResourcesBuildPhase section */
		C1718BAC25045750003A1AF3 /* Resources */ = {
			isa = PBXResourcesBuildPhase;
			buildActionMask = 2147483647;
			files = (
				C1718BBE25045754003A1AF3 /* LaunchScreen.storyboard in Resources */,
				C1718BBB25045754003A1AF3 /* Assets.xcassets in Resources */,
				C1718BB925045750003A1AF3 /* Authentication.storyboard in Resources */,
				C1718BCD2504684B003A1AF3 /* Main.storyboard in Resources */,
			);
			runOnlyForDeploymentPostprocessing = 0;
		};
/* End PBXResourcesBuildPhase section */

/* Begin PBXSourcesBuildPhase section */
		C1718BAA25045750003A1AF3 /* Sources */ = {
			isa = PBXSourcesBuildPhase;
			buildActionMask = 2147483647;
			files = (
				C1718BE125083F9D003A1AF3 /* NetworkManager.swift in Sources */,
				C1718BD42506DE83003A1AF3 /* LoginViewController.swift in Sources */,
				C1718BD2250469B5003A1AF3 /* StringExtensions.swift in Sources */,
				C1718BCB25046826003A1AF3 /* AuthenticationViewController.swift in Sources */,
				C1718BDF25083E5D003A1AF3 /* Content.swift in Sources */,
				C1718BB625045750003A1AF3 /* LaunchViewController.swift in Sources */,
				C1718BB225045750003A1AF3 /* AppDelegate.swift in Sources */,
				C1718BB425045750003A1AF3 /* SceneDelegate.swift in Sources */,
				C1718BD82506E046003A1AF3 /* LibraryViewController.swift in Sources */,
				C1718BDD25083E4F003A1AF3 /* Product.swift in Sources */,
				C1718BD62506DEF9003A1AF3 /* Utilities.swift in Sources */,
				C1718BCF2504697F003A1AF3 /* StoryboardIdentifiable.swift in Sources */,
			);
			runOnlyForDeploymentPostprocessing = 0;
		};
/* End PBXSourcesBuildPhase section */

/* Begin PBXVariantGroup section */
		C1718BB725045750003A1AF3 /* Authentication.storyboard */ = {
			isa = PBXVariantGroup;
			children = (
				C1718BB825045750003A1AF3 /* Base */,
			);
			name = Authentication.storyboard;
			sourceTree = "<group>";
		};
		C1718BBC25045754003A1AF3 /* LaunchScreen.storyboard */ = {
			isa = PBXVariantGroup;
			children = (
				C1718BBD25045754003A1AF3 /* Base */,
			);
			name = LaunchScreen.storyboard;
			sourceTree = "<group>";
		};
/* End PBXVariantGroup section */

/* Begin XCBuildConfiguration section */
		C1718BC025045754003A1AF3 /* Debug */ = {
			isa = XCBuildConfiguration;
			buildSettings = {
				ALWAYS_SEARCH_USER_PATHS = NO;
				CLANG_ANALYZER_NONNULL = YES;
				CLANG_ANALYZER_NUMBER_OBJECT_CONVERSION = YES_AGGRESSIVE;
				CLANG_CXX_LANGUAGE_STANDARD = "gnu++14";
				CLANG_CXX_LIBRARY = "libc++";
				CLANG_ENABLE_MODULES = YES;
				CLANG_ENABLE_OBJC_ARC = YES;
				CLANG_ENABLE_OBJC_WEAK = YES;
				CLANG_WARN_BLOCK_CAPTURE_AUTORELEASING = YES;
				CLANG_WARN_BOOL_CONVERSION = YES;
				CLANG_WARN_COMMA = YES;
				CLANG_WARN_CONSTANT_CONVERSION = YES;
				CLANG_WARN_DEPRECATED_OBJC_IMPLEMENTATIONS = YES;
				CLANG_WARN_DIRECT_OBJC_ISA_USAGE = YES_ERROR;
				CLANG_WARN_DOCUMENTATION_COMMENTS = YES;
				CLANG_WARN_EMPTY_BODY = YES;
				CLANG_WARN_ENUM_CONVERSION = YES;
				CLANG_WARN_INFINITE_RECURSION = YES;
				CLANG_WARN_INT_CONVERSION = YES;
				CLANG_WARN_NON_LITERAL_NULL_CONVERSION = YES;
				CLANG_WARN_OBJC_IMPLICIT_RETAIN_SELF = YES;
				CLANG_WARN_OBJC_LITERAL_CONVERSION = YES;
				CLANG_WARN_OBJC_ROOT_CLASS = YES_ERROR;
				CLANG_WARN_RANGE_LOOP_ANALYSIS = YES;
				CLANG_WARN_STRICT_PROTOTYPES = YES;
				CLANG_WARN_SUSPICIOUS_MOVE = YES;
				CLANG_WARN_UNGUARDED_AVAILABILITY = YES_AGGRESSIVE;
				CLANG_WARN_UNREACHABLE_CODE = YES;
				CLANG_WARN__DUPLICATE_METHOD_MATCH = YES;
				COPY_PHASE_STRIP = NO;
				DEBUG_INFORMATION_FORMAT = dwarf;
				ENABLE_STRICT_OBJC_MSGSEND = YES;
				ENABLE_TESTABILITY = YES;
				GCC_C_LANGUAGE_STANDARD = gnu11;
				GCC_DYNAMIC_NO_PIC = NO;
				GCC_NO_COMMON_BLOCKS = YES;
				GCC_OPTIMIZATION_LEVEL = 0;
				GCC_PREPROCESSOR_DEFINITIONS = (
					"DEBUG=1",
					"$(inherited)",
				);
				GCC_WARN_64_TO_32_BIT_CONVERSION = YES;
				GCC_WARN_ABOUT_RETURN_TYPE = YES_ERROR;
				GCC_WARN_UNDECLARED_SELECTOR = YES;
				GCC_WARN_UNINITIALIZED_AUTOS = YES_AGGRESSIVE;
				GCC_WARN_UNUSED_FUNCTION = YES;
				GCC_WARN_UNUSED_VARIABLE = YES;
				IPHONEOS_DEPLOYMENT_TARGET = 13.6;
				MTL_ENABLE_DEBUG_INFO = INCLUDE_SOURCE;
				MTL_FAST_MATH = YES;
				ONLY_ACTIVE_ARCH = YES;
				SDKROOT = iphoneos;
				SWIFT_ACTIVE_COMPILATION_CONDITIONS = DEBUG;
				SWIFT_OPTIMIZATION_LEVEL = "-Onone";
			};
			name = Debug;
		};
		C1718BC125045754003A1AF3 /* Release */ = {
			isa = XCBuildConfiguration;
			buildSettings = {
				ALWAYS_SEARCH_USER_PATHS = NO;
				CLANG_ANALYZER_NONNULL = YES;
				CLANG_ANALYZER_NUMBER_OBJECT_CONVERSION = YES_AGGRESSIVE;
				CLANG_CXX_LANGUAGE_STANDARD = "gnu++14";
				CLANG_CXX_LIBRARY = "libc++";
				CLANG_ENABLE_MODULES = YES;
				CLANG_ENABLE_OBJC_ARC = YES;
				CLANG_ENABLE_OBJC_WEAK = YES;
				CLANG_WARN_BLOCK_CAPTURE_AUTORELEASING = YES;
				CLANG_WARN_BOOL_CONVERSION = YES;
				CLANG_WARN_COMMA = YES;
				CLANG_WARN_CONSTANT_CONVERSION = YES;
				CLANG_WARN_DEPRECATED_OBJC_IMPLEMENTATIONS = YES;
				CLANG_WARN_DIRECT_OBJC_ISA_USAGE = YES_ERROR;
				CLANG_WARN_DOCUMENTATION_COMMENTS = YES;
				CLANG_WARN_EMPTY_BODY = YES;
				CLANG_WARN_ENUM_CONVERSION = YES;
				CLANG_WARN_INFINITE_RECURSION = YES;
				CLANG_WARN_INT_CONVERSION = YES;
				CLANG_WARN_NON_LITERAL_NULL_CONVERSION = YES;
				CLANG_WARN_OBJC_IMPLICIT_RETAIN_SELF = YES;
				CLANG_WARN_OBJC_LITERAL_CONVERSION = YES;
				CLANG_WARN_OBJC_ROOT_CLASS = YES_ERROR;
				CLANG_WARN_RANGE_LOOP_ANALYSIS = YES;
				CLANG_WARN_STRICT_PROTOTYPES = YES;
				CLANG_WARN_SUSPICIOUS_MOVE = YES;
				CLANG_WARN_UNGUARDED_AVAILABILITY = YES_AGGRESSIVE;
				CLANG_WARN_UNREACHABLE_CODE = YES;
				CLANG_WARN__DUPLICATE_METHOD_MATCH = YES;
				COPY_PHASE_STRIP = NO;
				DEBUG_INFORMATION_FORMAT = "dwarf-with-dsym";
				ENABLE_NS_ASSERTIONS = NO;
				ENABLE_STRICT_OBJC_MSGSEND = YES;
				GCC_C_LANGUAGE_STANDARD = gnu11;
				GCC_NO_COMMON_BLOCKS = YES;
				GCC_WARN_64_TO_32_BIT_CONVERSION = YES;
				GCC_WARN_ABOUT_RETURN_TYPE = YES_ERROR;
				GCC_WARN_UNDECLARED_SELECTOR = YES;
				GCC_WARN_UNINITIALIZED_AUTOS = YES_AGGRESSIVE;
				GCC_WARN_UNUSED_FUNCTION = YES;
				GCC_WARN_UNUSED_VARIABLE = YES;
				IPHONEOS_DEPLOYMENT_TARGET = 13.6;
				MTL_ENABLE_DEBUG_INFO = NO;
				MTL_FAST_MATH = YES;
				SDKROOT = iphoneos;
				SWIFT_COMPILATION_MODE = wholemodule;
				SWIFT_OPTIMIZATION_LEVEL = "-O";
				VALIDATE_PRODUCT = YES;
			};
			name = Release;
		};
		C1718BC325045754003A1AF3 /* Debug */ = {
			isa = XCBuildConfiguration;
			buildSettings = {
				ASSETCATALOG_COMPILER_APPICON_NAME = AppIcon;
				CODE_SIGN_STYLE = Automatic;
				DEVELOPMENT_TEAM = GDMA3BS25W;
				INFOPLIST_FILE = "Gumroad 2.0/Info.plist";
				LD_RUNPATH_SEARCH_PATHS = (
					"$(inherited)",
					"@executable_path/Frameworks",
				);
				PRODUCT_BUNDLE_IDENTIFIER = com.nathanchan.gumroad2.0;
				PRODUCT_NAME = "$(TARGET_NAME)";
				SWIFT_VERSION = 5.0;
				TARGETED_DEVICE_FAMILY = "1,2";
			};
			name = Debug;
		};
		C1718BC425045754003A1AF3 /* Release */ = {
			isa = XCBuildConfiguration;
			buildSettings = {
				ASSETCATALOG_COMPILER_APPICON_NAME = AppIcon;
				CODE_SIGN_STYLE = Automatic;
				DEVELOPMENT_TEAM = GDMA3BS25W;
				INFOPLIST_FILE = "Gumroad 2.0/Info.plist";
				LD_RUNPATH_SEARCH_PATHS = (
					"$(inherited)",
					"@executable_path/Frameworks",
				);
				PRODUCT_BUNDLE_IDENTIFIER = com.nathanchan.gumroad2.0;
				PRODUCT_NAME = "$(TARGET_NAME)";
				SWIFT_VERSION = 5.0;
				TARGETED_DEVICE_FAMILY = "1,2";
			};
			name = Release;
		};
/* End XCBuildConfiguration section */

/* Begin XCConfigurationList section */
		C1718BA925045750003A1AF3 /* Build configuration list for PBXProject "Gumroad 2.0" */ = {
			isa = XCConfigurationList;
			buildConfigurations = (
				C1718BC025045754003A1AF3 /* Debug */,
				C1718BC125045754003A1AF3 /* Release */,
			);
			defaultConfigurationIsVisible = 0;
			defaultConfigurationName = Release;
		};
		C1718BC225045754003A1AF3 /* Build configuration list for PBXNativeTarget "Gumroad 2.0" */ = {
			isa = XCConfigurationList;
			buildConfigurations = (
				C1718BC325045754003A1AF3 /* Debug */,
				C1718BC425045754003A1AF3 /* Release */,
			);
			defaultConfigurationIsVisible = 0;
			defaultConfigurationName = Release;
		};
/* End XCConfigurationList section */
	};
	rootObject = C1718BA625045750003A1AF3 /* Project object */;
}
